
Microsoft Visual Studio Solution File, Format Version 12.00
# Visual Studio Version 17
VisualStudioVersion = 17.0.31903.59
MinimumVisualStudioVersion = 10.0.40219.1
Project("{9A19103F-16F7-4668-BE54-9A1E7A4F7556}") = "DbTool", "DbTool\DbTool.csproj", "{4831AF42-D2FC-42B7-BCE9-861AFACB9ECF}"
EndProject
Project("{9A19103F-16F7-4668-BE54-9A1E7A4F7556}") = "EncryptTool", "EncryptTool\EncryptTool.csproj", "{603D3FFF-3A11-4740-983C-8BBB86AB5316}"
EndProject
Project("{9A19103F-16F7-4668-BE54-9A1E7A4F7556}") = "ServerTool", "ServerTool\ServerTool.csproj", "{048DD88F-8FC8-4615-8552-5F2932D842BE}"
EndProject
Project("{9A19103F-16F7-4668-BE54-9A1E7A4F7556}") = "FTPTool", "FTPTool\FTPTool.csproj", "{31F29AF8-14F9-4685-9899-1F7AE69FE5F2}"
EndProject
Project("{9A19103F-16F7-4668-BE54-9A1E7A4F7556}") = "QuickSpec", "QuickSpec\QuickSpec.csproj", "{C5F04E99-D42E-485A-A602-FEE46960356A}"
EndProject
Project("{FAE04EC0-301F-11D3-BF4B-00C04F79EFBC}") = "ConsoleApp1", "ConsoleApp1\ConsoleApp1.csproj", "{8F3C09B1-8D9C-4FAC-8BB5-4D0EC9EECE67}"
EndProject
Global
	GlobalSection(SolutionConfigurationPlatforms) = preSolution
		Debug|Any CPU = Debug|Any CPU
		Release|Any CPU = Release|Any CPU
	EndGlobalSection
	GlobalSection(ProjectConfigurationPlatforms) = postSolution
		{4831AF42-D2FC-42B7-BCE9-861AFACB9ECF}.Debug|Any CPU.ActiveCfg = Debug|Any CPU
		{4831AF42-D2FC-42B7-BCE9-861AFACB9ECF}.Debug|Any CPU.Build.0 = Debug|Any CPU
		{4831AF42-D2FC-42B7-BCE9-861AFACB9ECF}.Release|Any CPU.ActiveCfg = Release|Any CPU
		{4831AF42-D2FC-42B7-BCE9-861AFACB9ECF}.Release|Any CPU.Build.0 = Release|Any CPU
		{603D3FFF-3A11-4740-983C-8BBB86AB5316}.Debug|Any CPU.ActiveCfg = Debug|Any CPU
		{603D3FFF-3A11-4740-983C-8BBB86AB5316}.Debug|Any CPU.Build.0 = Debug|Any CPU
		{603D3FFF-3A11-4740-983C-8BBB86AB5316}.Release|Any CPU.ActiveCfg = Release|Any CPU
		{603D3FFF-3A11-4740-983C-8BBB86AB5316}.Release|Any CPU.Build.0 = Release|Any CPU
		{048DD88F-8FC8-4615-8552-5F2932D842BE}.Debug|Any CPU.ActiveCfg = Debug|Any CPU
		{048DD88F-8FC8-4615-8552-5F2932D842BE}.Debug|Any CPU.Build.0 = Debug|Any CPU
		{048DD88F-8FC8-4615-8552-5F2932D842BE}.Release|Any CPU.ActiveCfg = Release|Any CPU
		{048DD88F-8FC8-4615-8552-5F2932D842BE}.Release|Any CPU.Build.0 = Release|Any CPU
		{31F29AF8-14F9-4685-9899-1F7AE69FE5F2}.Debug|Any CPU.ActiveCfg = Debug|Any CPU
		{31F29AF8-14F9-4685-9899-1F7AE69FE5F2}.Debug|Any CPU.Build.0 = Debug|Any CPU
		{31F29AF8-14F9-4685-9899-1F7AE69FE5F2}.Release|Any CPU.ActiveCfg = Release|Any CPU
		{31F29AF8-14F9-4685-9899-1F7AE69FE5F2}.Release|Any CPU.Build.0 = Release|Any CPU
		{C5F04E99-D42E-485A-A602-FEE46960356A}.Debug|Any CPU.ActiveCfg = Debug|Any CPU
		{C5F04E99-D42E-485A-A602-FEE46960356A}.Debug|Any CPU.Build.0 = Debug|Any CPU
		{C5F04E99-D42E-485A-A602-FEE46960356A}.Release|Any CPU.ActiveCfg = Release|Any CPU
		{C5F04E99-D42E-485A-A602-FEE46960356A}.Release|Any CPU.Build.0 = Release|Any CPU
		{8F3C09B1-8D9C-4FAC-8BB5-4D0EC9EECE67}.Debug|Any CPU.ActiveCfg = Debug|Any CPU
		{8F3C09B1-8D9C-4FAC-8BB5-4D0EC9EECE67}.Debug|Any CPU.Build.0 = Debug|Any CPU
		{8F3C09B1-8D9C-4FAC-8BB5-4D0EC9EECE67}.Release|Any CPU.ActiveCfg = Release|Any CPU
		{8F3C09B1-8D9C-4FAC-8BB5-4D0EC9EECE67}.Release|Any CPU.Build.0 = Release|Any CPU
	EndGlobalSection
	GlobalSection(SolutionProperties) = preSolution
		HideSolutionNode = FALSE
	EndGlobalSection
	GlobalSection(ExtensibilityGlobals) = postSolution
		SolutionGuid = {DA311D2C-D9A8-4609-9905-1D76BA99FA73}
	EndGlobalSection
EndGlobal
