
Microsoft Visual Studio Solution File, Format Version 12.00
# Visual Studio Version 17
VisualStudioVersion = 17.0.31903.59
MinimumVisualStudioVersion = 10.0.40219.1
Project("{9A19103F-16F7-4668-BE54-9A1E7A4F7556}") = "Tool", "Tool\Tool.csproj", "{F0B6FD1D-8A6D-46EA-9F46-12CA3115E0B9}"
EndProject
Project("{FAE04EC0-301F-11D3-BF4B-00C04F79EFBC}") = "DbTool", "DbTool\DbTool.csproj", "{4831AF42-D2FC-42B7-BCE9-861AFACB9ECF}"
EndProject
Global
	GlobalSection(SolutionConfigurationPlatforms) = preSolution
		Debug|Any CPU = Debug|Any CPU
		Release|Any CPU = Release|Any CPU
	EndGlobalSection
	GlobalSection(ProjectConfigurationPlatforms) = postSolution
		{F0B6FD1D-8A6D-46EA-9F46-12CA3115E0B9}.Debug|Any CPU.ActiveCfg = Debug|Any CPU
		{F0B6FD1D-8A6D-46EA-9F46-12CA3115E0B9}.Debug|Any CPU.Build.0 = Debug|Any CPU
		{F0B6FD1D-8A6D-46EA-9F46-12CA3115E0B9}.Release|Any CPU.ActiveCfg = Release|Any CPU
		{F0B6FD1D-8A6D-46EA-9F46-12CA3115E0B9}.Release|Any CPU.Build.0 = Release|Any CPU
		{4831AF42-D2FC-42B7-BCE9-861AFACB9ECF}.Debug|Any CPU.ActiveCfg = Debug|Any CPU
		{4831AF42-D2FC-42B7-BCE9-861AFACB9ECF}.Debug|Any CPU.Build.0 = Debug|Any CPU
		{4831AF42-D2FC-42B7-BCE9-861AFACB9ECF}.Release|Any CPU.ActiveCfg = Release|Any CPU
		{4831AF42-D2FC-42B7-BCE9-861AFACB9ECF}.Release|Any CPU.Build.0 = Release|Any CPU
	EndGlobalSection
	GlobalSection(SolutionProperties) = preSolution
		HideSolutionNode = FALSE
	EndGlobalSection
	GlobalSection(ExtensibilityGlobals) = postSolution
		SolutionGuid = {DA311D2C-D9A8-4609-9905-1D76BA99FA73}
	EndGlobalSection
EndGlobal
